// !$*UTF8*$!
{
	archiveVersion = 1;
	classes = {
	};
	objectVersion = 77;
	objects = {

/* Begin PBXBuildFile section */
		C09ACA4A2E3157DE00E51F99 /* Auth in Frameworks */ = {isa = PBXBuildFile; productRef = C09ACA492E3157DE00E51F99 /* Auth */; };
		C09ACA4C2E3157DE00E51F99 /* Functions in Frameworks */ = {isa = PBXBuildFile; productRef = C09ACA4B2E3157DE00E51F99 /* Functions */; };
		C09ACA4E2E3157DE00E51F99 /* PostgREST in Frameworks */ = {isa = PBXBuildFile; productRef = C09ACA4D2E3157DE00E51F99 /* PostgREST */; };
		C09ACA502E3157DE00E51F99 /* Realtime in Frameworks */ = {isa = PBXBuildFile; productRef = C09ACA4F2E3157DE00E51F99 /* Realtime */; };
		C09ACA522E3157DE00E51F99 /* Storage in Frameworks */ = {isa = PBXBuildFile; productRef = C09ACA512E3157DE00E51F99 /* Storage */; };
		C09ACA562E31865700E51F99 /* Supabase in Frameworks */ = {isa = PBXBuildFile; productRef = C09ACA552E31865700E51F99 /* Supabase */; };
/* End PBXBuildFile section */

/* Begin PBXContainerItemProxy section */
		C0AC6A362E2F042B00EAEC0F /* PBXContainerItemProxy */ = {
			isa = PBXContainerItemProxy;
			containerPortal = C0AC6A192E2F042800EAEC0F /* Project object */;
			proxyType = 1;
			remoteGlobalIDString = C0AC6A202E2F042800EAEC0F;
			remoteInfo = TrueTalk;
		};
		C0AC6A402E2F042B00EAEC0F /* PBXContainerItemProxy */ = {
			isa = PBXContainerItemProxy;
			containerPortal = C0AC6A192E2F042800EAEC0F /* Project object */;
			proxyType = 1;
			remoteGlobalIDString = C0AC6A202E2F042800EAEC0F;
			remoteInfo = TrueTalk;
		};
/* End PBXContainerItemProxy section */

/* Begin PBXFileReference section */
		C0AC6A212E2F042800EAEC0F /* TrueTalk.app */ = {isa = PBXFileReference; explicitFileType = wrapper.application; includeInIndex = 0; path = TrueTalk.app; sourceTree = BUILT_PRODUCTS_DIR; };
		C0AC6A352E2F042B00EAEC0F /* TrueTalkTests.xctest */ = {isa = PBXFileReference; explicitFileType = wrapper.cfbundle; includeInIndex = 0; path = TrueTalkTests.xctest; sourceTree = BUILT_PRODUCTS_DIR; };
		C0AC6A3F2E2F042B00EAEC0F /* TrueTalkUITests.xctest */ = {isa = PBXFileReference; explicitFileType = wrapper.cfbundle; includeInIndex = 0; path = TrueTalkUITests.xctest; sourceTree = BUILT_PRODUCTS_DIR; };
/* End PBXFileReference section */

/* Begin PBXFileSystemSynchronizedBuildFileExceptionSet section */
		C08EE1BF2E313BD5000782E9 /* Exceptions for "TrueTalk" folder in "TrueTalk" target */ = {
			isa = PBXFileSystemSynchronizedBuildFileExceptionSet;
			membershipExceptions = (
				Info.plist,
			);
			target = C0AC6A202E2F042800EAEC0F /* TrueTalk */;
		};
/* End PBXFileSystemSynchronizedBuildFileExceptionSet section */

/* Begin PBXFileSystemSynchronizedRootGroup section */
		C0AC6A232E2F042800EAEC0F /* TrueTalk */ = {
			isa = PBXFileSystemSynchronizedRootGroup;
			exceptions = (
				C08EE1BF2E313BD5000782E9 /* Exceptions for "TrueTalk" folder in "TrueTalk" target */,
			);
			path = TrueTalk;
			sourceTree = "<group>";
		};
		C0AC6A382E2F042B00EAEC0F /* TrueTalkTests */ = {
			isa = PBXFileSystemSynchronizedRootGroup;
			path = TrueTalkTests;
			sourceTree = "<group>";
		};
		C0AC6A422E2F042B00EAEC0F /* TrueTalkUITests */ = {
			isa = PBXFileSystemSynchronizedRootGroup;
			path = TrueTalkUITests;
			sourceTree = "<group>";
		};
/* End PBXFileSystemSynchronizedRootGroup section */

/* Begin PBXFrameworksBuildPhase section */
		C0AC6A1E2E2F042800EAEC0F /* Frameworks */ = {
			isa = PBXFrameworksBuildPhase;
			buildActionMask = 2147483647;
			files = (
				C09ACA4E2E3157DE00E51F99 /* PostgREST in Frameworks */,
				C09ACA4C2E3157DE00E51F99 /* Functions in Frameworks */,
				C09ACA562E31865700E51F99 /* Supabase in Frameworks */,
				C09ACA4A2E3157DE00E51F99 /* Auth in Frameworks */,
				C09ACA522E3157DE00E51F99 /* Storage in Frameworks */,
				C09ACA502E3157DE00E51F99 /* Realtime in Frameworks */,
			);
			runOnlyForDeploymentPostprocessing = 0;
		};
		C0AC6A322E2F042B00EAEC0F /* Frameworks */ = {
			isa = PBXFrameworksBuildPhase;
			buildActionMask = 2147483647;
			files = (
			);
			runOnlyForDeploymentPostprocessing = 0;
		};
		C0AC6A3C2E2F042B00EAEC0F /* Frameworks */ = {
			isa = PBXFrameworksBuildPhase;
			buildActionMask = 2147483647;
			files = (
			);
			runOnlyForDeploymentPostprocessing = 0;
		};
/* End PBXFrameworksBuildPhase section */

/* Begin PBXGroup section */
		C0AC6A182E2F042800EAEC0F = {
			isa = PBXGroup;
			children = (
				C0AC6A232E2F042800EAEC0F /* TrueTalk */,
				C0AC6A382E2F042B00EAEC0F /* TrueTalkTests */,
				C0AC6A422E2F042B00EAEC0F /* TrueTalkUITests */,
				C0AC6A222E2F042800EAEC0F /* Products */,
			);
			sourceTree = "<group>";
		};
		C0AC6A222E2F042800EAEC0F /* Products */ = {
			isa = PBXGroup;
			children = (
				C0AC6A212E2F042800EAEC0F /* TrueTalk.app */,
				C0AC6A352E2F042B00EAEC0F /* TrueTalkTests.xctest */,
				C0AC6A3F2E2F042B00EAEC0F /* TrueTalkUITests.xctest */,
			);
			name = Products;
			sourceTree = "<group>";
		};
/* End PBXGroup section */

/* Begin PBXNativeTarget section */
		C0AC6A202E2F042800EAEC0F /* TrueTalk */ = {
			isa = PBXNativeTarget;
			buildConfigurationList = C0AC6A482E2F042B00EAEC0F /* Build configuration list for PBXNativeTarget "TrueTalk" */;
			buildPhases = (
				C0AC6A1D2E2F042800EAEC0F /* Sources */,
				C0AC6A1E2E2F042800EAEC0F /* Frameworks */,
				C0AC6A1F2E2F042800EAEC0F /* Resources */,
			);
			buildRules = (
			);
			dependencies = (
			);
			fileSystemSynchronizedGroups = (
				C0AC6A232E2F042800EAEC0F /* TrueTalk */,
			);
			name = TrueTalk;
			packageProductDependencies = (
				C09ACA492E3157DE00E51F99 /* Auth */,
				C09ACA4B2E3157DE00E51F99 /* Functions */,
				C09ACA4D2E3157DE00E51F99 /* PostgREST */,
				C09ACA4F2E3157DE00E51F99 /* Realtime */,
				C09ACA512E3157DE00E51F99 /* Storage */,
				C09ACA552E31865700E51F99 /* Supabase */,
			);
			productName = TrueTalk;
			productReference = C0AC6A212E2F042800EAEC0F /* TrueTalk.app */;
			productType = "com.apple.product-type.application";
		};
		C0AC6A342E2F042B00EAEC0F /* TrueTalkTests */ = {
			isa = PBXNativeTarget;
			buildConfigurationList = C0AC6A4D2E2F042B00EAEC0F /* Build configuration list for PBXNativeTarget "TrueTalkTests" */;
			buildPhases = (
				C0AC6A312E2F042B00EAEC0F /* Sources */,
				C0AC6A322E2F042B00EAEC0F /* Frameworks */,
				C0AC6A332E2F042B00EAEC0F /* Resources */,
			);
			buildRules = (
			);
			dependencies = (
				C0AC6A372E2F042B00EAEC0F /* PBXTargetDependency */,
			);
			fileSystemSynchronizedGroups = (
				C0AC6A382E2F042B00EAEC0F /* TrueTalkTests */,
			);
			name = TrueTalkTests;
			packageProductDependencies = (
			);
			productName = TrueTalkTests;
			productReference = C0AC6A352E2F042B00EAEC0F /* TrueTalkTests.xctest */;
			productType = "com.apple.product-type.bundle.unit-test";
		};
		C0AC6A3E2E2F042B00EAEC0F /* TrueTalkUITests */ = {
			isa = PBXNativeTarget;
			buildConfigurationList = C0AC6A502E2F042B00EAEC0F /* Build configuration list for PBXNativeTarget "TrueTalkUITests" */;
			buildPhases = (
				C0AC6A3B2E2F042B00EAEC0F /* Sources */,
				C0AC6A3C2E2F042B00EAEC0F /* Frameworks */,
				C0AC6A3D2E2F042B00EAEC0F /* Resources */,
			);
			buildRules = (
			);
			dependencies = (
				C0AC6A412E2F042B00EAEC0F /* PBXTargetDependency */,
			);
			fileSystemSynchronizedGroups = (
				C0AC6A422E2F042B00EAEC0F /* TrueTalkUITests */,
			);
			name = TrueTalkUITests;
			packageProductDependencies = (
			);
			productName = TrueTalkUITests;
			productReference = C0AC6A3F2E2F042B00EAEC0F /* TrueTalkUITests.xctest */;
			productType = "com.apple.product-type.bundle.ui-testing";
		};
/* End PBXNativeTarget section */

/* Begin PBXProject section */
		C0AC6A192E2F042800EAEC0F /* Project object */ = {
			isa = PBXProject;
			attributes = {
				BuildIndependentTargetsInParallel = 1;
				LastSwiftUpdateCheck = 1620;
				LastUpgradeCheck = 1620;
				TargetAttributes = {
					C0AC6A202E2F042800EAEC0F = {
						CreatedOnToolsVersion = 16.2;
					};
					C0AC6A342E2F042B00EAEC0F = {
						CreatedOnToolsVersion = 16.2;
						TestTargetID = C0AC6A202E2F042800EAEC0F;
					};
					C0AC6A3E2E2F042B00EAEC0F = {
						CreatedOnToolsVersion = 16.2;
						TestTargetID = C0AC6A202E2F042800EAEC0F;
					};
				};
			};
			buildConfigurationList = C0AC6A1C2E2F042800EAEC0F /* Build configuration list for PBXProject "TrueTalk" */;
			developmentRegion = en;
			hasScannedForEncodings = 0;
			knownRegions = (
				en,
				Base,
			);
			mainGroup = C0AC6A182E2F042800EAEC0F;
			minimizedProjectReferenceProxies = 1;
			packageReferences = (
				C09ACA482E3157DE00E51F99 /* XCRemoteSwiftPackageReference "supabase-swift" */,
			);
			preferredProjectObjectVersion = 77;
			productRefGroup = C0AC6A222E2F042800EAEC0F /* Products */;
			projectDirPath = "";
			projectRoot = "";
			targets = (
				C0AC6A202E2F042800EAEC0F /* TrueTalk */,
				C0AC6A342E2F042B00EAEC0F /* TrueTalkTests */,
				C0AC6A3E2E2F042B00EAEC0F /* TrueTalkUITests */,
			);
		};
/* End PBXProject section */

/* Begin PBXResourcesBuildPhase section */
		C0AC6A1F2E2F042800EAEC0F /* Resources */ = {
			isa = PBXResourcesBuildPhase;
			buildActionMask = 2147483647;
			files = (
			);
			runOnlyForDeploymentPostprocessing = 0;
		};
		C0AC6A332E2F042B00EAEC0F /* Resources */ = {
			isa = PBXResourcesBuildPhase;
			buildActionMask = 2147483647;
			files = (
			);
			runOnlyForDeploymentPostprocessing = 0;
		};
		C0AC6A3D2E2F042B00EAEC0F /* Resources */ = {
			isa = PBXResourcesBuildPhase;
			buildActionMask = 2147483647;
			files = (
			);
			runOnlyForDeploymentPostprocessing = 0;
		};
/* End PBXResourcesBuildPhase section */

/* Begin PBXSourcesBuildPhase section */
		C0AC6A1D2E2F042800EAEC0F /* Sources */ = {
			isa = PBXSourcesBuildPhase;
			buildActionMask = 2147483647;
			files = (
			);
			runOnlyForDeploymentPostprocessing = 0;
		};
		C0AC6A312E2F042B00EAEC0F /* Sources */ = {
			isa = PBXSourcesBuildPhase;
			buildActionMask = 2147483647;
			files = (
			);
			runOnlyForDeploymentPostprocessing = 0;
		};
		C0AC6A3B2E2F042B00EAEC0F /* Sources */ = {
			isa = PBXSourcesBuildPhase;
			buildActionMask = 2147483647;
			files = (
			);
			runOnlyForDeploymentPostprocessing = 0;
		};
/* End PBXSourcesBuildPhase section */

/* Begin PBXTargetDependency section */
		C0AC6A372E2F042B00EAEC0F /* PBXTargetDependency */ = {
			isa = PBXTargetDependency;
			target = C0AC6A202E2F042800EAEC0F /* TrueTalk */;
			targetProxy = C0AC6A362E2F042B00EAEC0F /* PBXContainerItemProxy */;
		};
		C0AC6A412E2F042B00EAEC0F /* PBXTargetDependency */ = {
			isa = PBXTargetDependency;
			target = C0AC6A202E2F042800EAEC0F /* TrueTalk */;
			targetProxy = C0AC6A402E2F042B00EAEC0F /* PBXContainerItemProxy */;
		};
/* End PBXTargetDependency section */

/* Begin XCBuildConfiguration section */
		C0AC6A492E2F042B00EAEC0F /* Debug */ = {
			isa = XCBuildConfiguration;
			buildSettings = {
				ASSETCATALOG_COMPILER_APPICON_NAME = AppIcon;
				ASSETCATALOG_COMPILER_GLOBAL_ACCENT_COLOR_NAME = AccentColor;
				CODE_SIGN_ENTITLEMENTS = TrueTalk/TrueTalk.entitlements;
				CODE_SIGN_STYLE = Automatic;
				CURRENT_PROJECT_VERSION = 1;
				DEVELOPMENT_ASSET_PATHS = "\"TrueTalk/Preview Content\"";
				DEVELOPMENT_TEAM = 67AR6NPQWB;
				ENABLE_HARDENED_RUNTIME = YES;
				ENABLE_PREVIEWS = YES;
				GENERATE_INFOPLIST_FILE = YES;
				INFOPLIST_FILE = TrueTalk/Info.plist;
				INFOPLIST_KEY_CFBundleDisplayName = TrueTalk;
				INFOPLIST_KEY_LSApplicationCategoryType = "public.app-category.lifestyle";
				"INFOPLIST_KEY_UIApplicationSceneManifest_Generation[sdk=iphoneos*]" = YES;
				"INFOPLIST_KEY_UIApplicationSceneManifest_Generation[sdk=iphonesimulator*]" = YES;
				"INFOPLIST_KEY_UIApplicationSupportsIndirectInputEvents[sdk=iphoneos*]" = YES;
				"INFOPLIST_KEY_UIApplicationSupportsIndirectInputEvents[sdk=iphonesimulator*]" = YES;
				"INFOPLIST_KEY_UILaunchScreen_Generation[sdk=iphoneos*]" = YES;
				"INFOPLIST_KEY_UILaunchScreen_Generation[sdk=iphonesimulator*]" = YES;
				"INFOPLIST_KEY_UIStatusBarStyle[sdk=iphoneos*]" = UIStatusBarStyleDefault;
				"INFOPLIST_KEY_UIStatusBarStyle[sdk=iphonesimulator*]" = UIStatusBarStyleDefault;
				INFOPLIST_KEY_UISupportedInterfaceOrientations_iPad = "UIInterfaceOrientationPortrait UIInterfaceOrientationPortraitUpsideDown UIInterfaceOrientationLandscapeLeft UIInterfaceOrientationLandscapeRight";
				INFOPLIST_KEY_UISupportedInterfaceOrientations_iPhone = "UIInterfaceOrientationPortrait UIInterfaceOrientationLandscapeLeft UIInterfaceOrientationLandscapeRight";
				IPHONEOS_DEPLOYMENT_TARGET = 17.6;
				LD_RUNPATH_SEARCH_PATHS = "@executable_path/Frameworks";
				"LD_RUNPATH_SEARCH_PATHS[sdk=macosx*]" = "@executable_path/../Frameworks";
				MACOSX_DEPLOYMENT_TARGET = 14.0;
				MARKETING_VERSION = 1.0;
				PRODUCT_BUNDLE_IDENTIFIER = com.hyperlabsAI.TrueTalk;
				PRODUCT_NAME = "$(TARGET_NAME)";
				SDKROOT = auto;
				SUPPORTED_PLATFORMS = "iphonesimulator iphoneos";
				SUPPORTS_MACCATALYST = NO;
				SWIFT_EMIT_LOC_STRINGS = YES;
				SWIFT_VERSION = 5.0;
				TARGETED_DEVICE_FAMILY = "1,2,7";
				XROS_DEPLOYMENT_TARGET = 2.2;
			};
			name = Debug;
		};
		C0AC6A4A2E2F042B00EAEC0F /* Release */ = {
			isa = XCBuildConfiguration;
			buildSettings = {
				ASSETCATALOG_COMPILER_APPICON_NAME = AppIcon;
				ASSETCATALOG_COMPILER_GLOBAL_ACCENT_COLOR_NAME = AccentColor;
				CODE_SIGN_ENTITLEMENTS = TrueTalk/TrueTalk.entitlements;
				CODE_SIGN_STYLE = Automatic;
				CURRENT_PROJECT_VERSION = 1;
				DEVELOPMENT_ASSET_PATHS = "\"TrueTalk/Preview Content\"";
				DEVELOPMENT_TEAM = 67AR6NPQWB;
				ENABLE_HARDENED_RUNTIME = YES;
				ENABLE_PREVIEWS = YES;
				GENERATE_INFOPLIST_FILE = YES;
				INFOPLIST_FILE = TrueTalk/Info.plist;
				INFOPLIST_KEY_CFBundleDisplayName = TrueTalk;
				INFOPLIST_KEY_LSApplicationCategoryType = "public.app-category.lifestyle";
				"INFOPLIST_KEY_UIApplicationSceneManifest_Generation[sdk=iphoneos*]" = YES;
				"INFOPLIST_KEY_UIApplicationSceneManifest_Generation[sdk=iphonesimulator*]" = YES;
				"INFOPLIST_KEY_UIApplicationSupportsIndirectInputEvents[sdk=iphoneos*]" = YES;
				"INFOPLIST_KEY_UIApplicationSupportsIndirectInputEvents[sdk=iphonesimulator*]" = YES;
				"INFOPLIST_KEY_UILaunchScreen_Generation[sdk=iphoneos*]" = YES;
				"INFOPLIST_KEY_UILaunchScreen_Generation[sdk=iphonesimulator*]" = YES;
				"INFOPLIST_KEY_UIStatusBarStyle[sdk=iphoneos*]" = UIStatusBarStyleDefault;
				"INFOPLIST_KEY_UIStatusBarStyle[sdk=iphonesimulator*]" = UIStatusBarStyleDefault;
				INFOPLIST_KEY_UISupportedInterfaceOrientations_iPad = "UIInterfaceOrientationPortrait UIInterfaceOrientationPortraitUpsideDown UIInterfaceOrientationLandscapeLeft UIInterfaceOrientationLandscapeRight";
				INFOPLIST_KEY_UISupportedInterfaceOrientations_iPhone = "UIInterfaceOrientationPortrait UIInterfaceOrientationLandscapeLeft UIInterfaceOrientationLandscapeRight";
				IPHONEOS_DEPLOYMENT_TARGET = 17.6;
				LD_RUNPATH_SEARCH_PATHS = "@executable_path/Frameworks";
				"LD_RUNPATH_SEARCH_PATHS[sdk=macosx*]" = "@executable_path/../Frameworks";
				MACOSX_DEPLOYMENT_TARGET = 14.0;
				MARKETING_VERSION = 1.0;
				PRODUCT_BUNDLE_IDENTIFIER = com.hyperlabsAI.TrueTalk;
				PRODUCT_NAME = "$(TARGET_NAME)";
				SDKROOT = auto;
				SUPPORTED_PLATFORMS = "iphonesimulator iphoneos";
				SUPPORTS_MACCATALYST = NO;
				SWIFT_EMIT_LOC_STRINGS = YES;
				SWIFT_VERSION = 5.0;
				TARGETED_DEVICE_FAMILY = "1,2,7";
				XROS_DEPLOYMENT_TARGET = 2.2;
			};
			name = Release;
		};
		C0AC6A4B2E2F042B00EAEC0F /* Debug */ = {
			isa = XCBuildConfiguration;
			buildSettings = {
				ALWAYS_SEARCH_USER_PATHS = NO;
				ASSETCATALOG_COMPILER_GENERATE_SWIFT_ASSET_SYMBOL_EXTENSIONS = YES;
				CLANG_ANALYZER_NONNULL = YES;
				CLANG_ANALYZER_NUMBER_OBJECT_CONVERSION = YES_AGGRESSIVE;
				CLANG_CXX_LANGUAGE_STANDARD = "gnu++20";
				CLANG_ENABLE_MODULES = YES;
				CLANG_ENABLE_OBJC_ARC = YES;
				CLANG_ENABLE_OBJC_WEAK = YES;
				CLANG_WARN_BLOCK_CAPTURE_AUTORELEASING = YES;
				CLANG_WARN_BOOL_CONVERSION = YES;
				CLANG_WARN_COMMA = YES;
				CLANG_WARN_CONSTANT_CONVERSION = YES;
				CLANG_WARN_DEPRECATED_OBJC_IMPLEMENTATIONS = YES;
				CLANG_WARN_DIRECT_OBJC_ISA_USAGE = YES_ERROR;
				CLANG_WARN_DOCUMENTATION_COMMENTS = YES;
				CLANG_WARN_EMPTY_BODY = YES;
				CLANG_WARN_ENUM_CONVERSION = YES;
				CLANG_WARN_INFINITE_RECURSION = YES;
				CLANG_WARN_INT_CONVERSION = YES;
				CLANG_WARN_NON_LITERAL_NULL_CONVERSION = YES;
				CLANG_WARN_OBJC_IMPLICIT_RETAIN_SELF = YES;
				CLANG_WARN_OBJC_LITERAL_CONVERSION = YES;
				CLANG_WARN_OBJC_ROOT_CLASS = YES_ERROR;
				CLANG_WARN_QUOTED_INCLUDE_IN_FRAMEWORK_HEADER = YES;
				CLANG_WARN_RANGE_LOOP_ANALYSIS = YES;
				CLANG_WARN_STRICT_PROTOTYPES = YES;
				CLANG_WARN_SUSPICIOUS_MOVE = YES;
				CLANG_WARN_UNGUARDED_AVAILABILITY = YES_AGGRESSIVE;
				CLANG_WARN_UNREACHABLE_CODE = YES;
				CLANG_WARN__DUPLICATE_METHOD_MATCH = YES;
				COPY_PHASE_STRIP = NO;
				DEBUG_INFORMATION_FORMAT = dwarf;
				ENABLE_STRICT_OBJC_MSGSEND = YES;
				ENABLE_TESTABILITY = YES;
				ENABLE_USER_SCRIPT_SANDBOXING = YES;
				GCC_C_LANGUAGE_STANDARD = gnu17;
				GCC_DYNAMIC_NO_PIC = NO;
				GCC_NO_COMMON_BLOCKS = YES;
				GCC_OPTIMIZATION_LEVEL = 0;
				GCC_PREPROCESSOR_DEFINITIONS = (
					"DEBUG=1",
					"$(inherited)",
				);
				GCC_WARN_64_TO_32_BIT_CONVERSION = YES;
				GCC_WARN_ABOUT_RETURN_TYPE = YES_ERROR;
				GCC_WARN_UNDECLARED_SELECTOR = YES;
				GCC_WARN_UNINITIALIZED_AUTOS = YES_AGGRESSIVE;
				GCC_WARN_UNUSED_FUNCTION = YES;
				GCC_WARN_UNUSED_VARIABLE = YES;
				LOCALIZATION_PREFERS_STRING_CATALOGS = YES;
				MTL_ENABLE_DEBUG_INFO = INCLUDE_SOURCE;
				MTL_FAST_MATH = YES;
				ONLY_ACTIVE_ARCH = YES;
				SDKROOT = iphoneos;
				SUPPORTED_PLATFORMS = "iphonesimulator iphoneos";
				SWIFT_ACTIVE_COMPILATION_CONDITIONS = "DEBUG $(inherited)";
				SWIFT_OPTIMIZATION_LEVEL = "-Onone";
			};
			name = Debug;
		};
		C0AC6A4C2E2F042B00EAEC0F /* Release */ = {
			isa = XCBuildConfiguration;
			buildSettings = {
				ALWAYS_SEARCH_USER_PATHS = NO;
				ASSETCATALOG_COMPILER_GENERATE_SWIFT_ASSET_SYMBOL_EXTENSIONS = YES;
				CLANG_ANALYZER_NONNULL = YES;
				CLANG_ANALYZER_NUMBER_OBJECT_CONVERSION = YES_AGGRESSIVE;
				CLANG_CXX_LANGUAGE_STANDARD = "gnu++20";
				CLANG_ENABLE_MODULES = YES;
				CLANG_ENABLE_OBJC_ARC = YES;
				CLANG_ENABLE_OBJC_WEAK = YES;
				CLANG_WARN_BLOCK_CAPTURE_AUTORELEASING = YES;
				CLANG_WARN_BOOL_CONVERSION = YES;
				CLANG_WARN_COMMA = YES;
				CLANG_WARN_CONSTANT_CONVERSION = YES;
				CLANG_WARN_DEPRECATED_OBJC_IMPLEMENTATIONS = YES;
				CLANG_WARN_DIRECT_OBJC_ISA_USAGE = YES_ERROR;
				CLANG_WARN_DOCUMENTATION_COMMENTS = YES;
				CLANG_WARN_EMPTY_BODY = YES;
				CLANG_WARN_ENUM_CONVERSION = YES;
				CLANG_WARN_INFINITE_RECURSION = YES;
				CLANG_WARN_INT_CONVERSION = YES;
				CLANG_WARN_NON_LITERAL_NULL_CONVERSION = YES;
				CLANG_WARN_OBJC_IMPLICIT_RETAIN_SELF = YES;
				CLANG_WARN_OBJC_LITERAL_CONVERSION = YES;
				CLANG_WARN_OBJC_ROOT_CLASS = YES_ERROR;
				CLANG_WARN_QUOTED_INCLUDE_IN_FRAMEWORK_HEADER = YES;
				CLANG_WARN_RANGE_LOOP_ANALYSIS = YES;
				CLANG_WARN_STRICT_PROTOTYPES = YES;
				CLANG_WARN_SUSPICIOUS_MOVE = YES;
				CLANG_WARN_UNGUARDED_AVAILABILITY = YES_AGGRESSIVE;
				CLANG_WARN_UNREACHABLE_CODE = YES;
				CLANG_WARN__DUPLICATE_METHOD_MATCH = YES;
				COPY_PHASE_STRIP = NO;
				DEBUG_INFORMATION_FORMAT = "dwarf-with-dsym";
				ENABLE_NS_ASSERTIONS = NO;
				ENABLE_STRICT_OBJC_MSGSEND = YES;
				ENABLE_USER_SCRIPT_SANDBOXING = YES;
				GCC_C_LANGUAGE_STANDARD = gnu17;
				GCC_NO_COMMON_BLOCKS = YES;
				GCC_WARN_64_TO_32_BIT_CONVERSION = YES;
				GCC_WARN_ABOUT_RETURN_TYPE = YES_ERROR;
				GCC_WARN_UNDECLARED_SELECTOR = YES;
				GCC_WARN_UNINITIALIZED_AUTOS = YES_AGGRESSIVE;
				GCC_WARN_UNUSED_FUNCTION = YES;
				GCC_WARN_UNUSED_VARIABLE = YES;
				LOCALIZATION_PREFERS_STRING_CATALOGS = YES;
				MTL_ENABLE_DEBUG_INFO = NO;
				MTL_FAST_MATH = YES;
				SDKROOT = iphoneos;
				SUPPORTED_PLATFORMS = "iphonesimulator iphoneos";
				SWIFT_COMPILATION_MODE = wholemodule;
			};
			name = Release;
		};
		C0AC6A4E2E2F042B00EAEC0F /* Debug */ = {
			isa = XCBuildConfiguration;
			buildSettings = {
				BUNDLE_LOADER = "$(TEST_HOST)";
				CODE_SIGN_STYLE = Automatic;
				CURRENT_PROJECT_VERSION = 1;
				DEVELOPMENT_TEAM = 67AR6NPQWB;
				GENERATE_INFOPLIST_FILE = YES;
				IPHONEOS_DEPLOYMENT_TARGET = 18.2;
				MACOSX_DEPLOYMENT_TARGET = 14.5;
				MARKETING_VERSION = 1.0;
				PRODUCT_BUNDLE_IDENTIFIER = com.hyperlabsAI.TrueTalkTests;
				PRODUCT_NAME = "$(TARGET_NAME)";
				SDKROOT = auto;
				SUPPORTED_PLATFORMS = "iphoneos iphonesimulator macosx xros xrsimulator";
				SWIFT_EMIT_LOC_STRINGS = NO;
				SWIFT_VERSION = 5.0;
				TARGETED_DEVICE_FAMILY = "1,2,7";
				TEST_HOST = "$(BUILT_PRODUCTS_DIR)/TrueTalk.app/$(BUNDLE_EXECUTABLE_FOLDER_PATH)/TrueTalk";
				XROS_DEPLOYMENT_TARGET = 2.2;
			};
			name = Debug;
		};
		C0AC6A4F2E2F042B00EAEC0F /* Release */ = {
			isa = XCBuildConfiguration;
			buildSettings = {
				BUNDLE_LOADER = "$(TEST_HOST)";
				CODE_SIGN_STYLE = Automatic;
				CURRENT_PROJECT_VERSION = 1;
				DEVELOPMENT_TEAM = 67AR6NPQWB;
				GENERATE_INFOPLIST_FILE = YES;
				IPHONEOS_DEPLOYMENT_TARGET = 18.2;
				MACOSX_DEPLOYMENT_TARGET = 14.5;
				MARKETING_VERSION = 1.0;
				PRODUCT_BUNDLE_IDENTIFIER = com.hyperlabsAI.TrueTalkTests;
				PRODUCT_NAME = "$(TARGET_NAME)";
				SDKROOT = auto;
				SUPPORTED_PLATFORMS = "iphoneos iphonesimulator macosx xros xrsimulator";
				SWIFT_EMIT_LOC_STRINGS = NO;
				SWIFT_VERSION = 5.0;
				TARGETED_DEVICE_FAMILY = "1,2,7";
				TEST_HOST = "$(BUILT_PRODUCTS_DIR)/TrueTalk.app/$(BUNDLE_EXECUTABLE_FOLDER_PATH)/TrueTalk";
				XROS_DEPLOYMENT_TARGET = 2.2;
			};
			name = Release;
		};
		C0AC6A512E2F042B00EAEC0F /* Debug */ = {
			isa = XCBuildConfiguration;
			buildSettings = {
				CODE_SIGN_STYLE = Automatic;
				CURRENT_PROJECT_VERSION = 1;
				DEVELOPMENT_TEAM = 67AR6NPQWB;
				GENERATE_INFOPLIST_FILE = YES;
				IPHONEOS_DEPLOYMENT_TARGET = 18.2;
				MACOSX_DEPLOYMENT_TARGET = 14.5;
				MARKETING_VERSION = 1.0;
				PRODUCT_BUNDLE_IDENTIFIER = com.hyperlabsAI.TrueTalkUITests;
				PRODUCT_NAME = "$(TARGET_NAME)";
				SDKROOT = auto;
				SUPPORTED_PLATFORMS = "iphoneos iphonesimulator macosx xros xrsimulator";
				SWIFT_EMIT_LOC_STRINGS = NO;
				SWIFT_VERSION = 5.0;
				TARGETED_DEVICE_FAMILY = "1,2,7";
				TEST_TARGET_NAME = TrueTalk;
				XROS_DEPLOYMENT_TARGET = 2.2;
			};
			name = Debug;
		};
		C0AC6A522E2F042B00EAEC0F /* Release */ = {
			isa = XCBuildConfiguration;
			buildSettings = {
				CODE_SIGN_STYLE = Automatic;
				CURRENT_PROJECT_VERSION = 1;
				DEVELOPMENT_TEAM = 67AR6NPQWB;
				GENERATE_INFOPLIST_FILE = YES;
				IPHONEOS_DEPLOYMENT_TARGET = 18.2;
				MACOSX_DEPLOYMENT_TARGET = 14.5;
				MARKETING_VERSION = 1.0;
				PRODUCT_BUNDLE_IDENTIFIER = com.hyperlabsAI.TrueTalkUITests;
				PRODUCT_NAME = "$(TARGET_NAME)";
				SDKROOT = auto;
				SUPPORTED_PLATFORMS = "iphoneos iphonesimulator macosx xros xrsimulator";
				SWIFT_EMIT_LOC_STRINGS = NO;
				SWIFT_VERSION = 5.0;
				TARGETED_DEVICE_FAMILY = "1,2,7";
				TEST_TARGET_NAME = TrueTalk;
				XROS_DEPLOYMENT_TARGET = 2.2;
			};
			name = Release;
		};
/* End XCBuildConfiguration section */

/* Begin XCConfigurationList section */
		C0AC6A1C2E2F042800EAEC0F /* Build configuration list for PBXProject "TrueTalk" */ = {
			isa = XCConfigurationList;
			buildConfigurations = (
				C0AC6A4B2E2F042B00EAEC0F /* Debug */,
				C0AC6A4C2E2F042B00EAEC0F /* Release */,
			);
			defaultConfigurationIsVisible = 0;
			defaultConfigurationName = Release;
		};
		C0AC6A482E2F042B00EAEC0F /* Build configuration list for PBXNativeTarget "TrueTalk" */ = {
			isa = XCConfigurationList;
			buildConfigurations = (
				C0AC6A492E2F042B00EAEC0F /* Debug */,
				C0AC6A4A2E2F042B00EAEC0F /* Release */,
			);
			defaultConfigurationIsVisible = 0;
			defaultConfigurationName = Release;
		};
		C0AC6A4D2E2F042B00EAEC0F /* Build configuration list for PBXNativeTarget "TrueTalkTests" */ = {
			isa = XCConfigurationList;
			buildConfigurations = (
				C0AC6A4E2E2F042B00EAEC0F /* Debug */,
				C0AC6A4F2E2F042B00EAEC0F /* Release */,
			);
			defaultConfigurationIsVisible = 0;
			defaultConfigurationName = Release;
		};
		C0AC6A502E2F042B00EAEC0F /* Build configuration list for PBXNativeTarget "TrueTalkUITests" */ = {
			isa = XCConfigurationList;
			buildConfigurations = (
				C0AC6A512E2F042B00EAEC0F /* Debug */,
				C0AC6A522E2F042B00EAEC0F /* Release */,
			);
			defaultConfigurationIsVisible = 0;
			defaultConfigurationName = Release;
		};
/* End XCConfigurationList section */

/* Begin XCRemoteSwiftPackageReference section */
		C09ACA482E3157DE00E51F99 /* XCRemoteSwiftPackageReference "supabase-swift" */ = {
			isa = XCRemoteSwiftPackageReference;
			repositoryURL = "https://github.com/supabase/supabase-swift";
			requirement = {
				kind = upToNextMajorVersion;
				minimumVersion = 2.5.1;
			};
		};
/* End XCRemoteSwiftPackageReference section */

/* Begin XCSwiftPackageProductDependency section */
		C09ACA492E3157DE00E51F99 /* Auth */ = {
			isa = XCSwiftPackageProductDependency;
			package = C09ACA482E3157DE00E51F99 /* XCRemoteSwiftPackageReference "supabase-swift" */;
			productName = Auth;
		};
		C09ACA4B2E3157DE00E51F99 /* Functions */ = {
			isa = XCSwiftPackageProductDependency;
			package = C09ACA482E3157DE00E51F99 /* XCRemoteSwiftPackageReference "supabase-swift" */;
			productName = Functions;
		};
		C09ACA4D2E3157DE00E51F99 /* PostgREST */ = {
			isa = XCSwiftPackageProductDependency;
			package = C09ACA482E3157DE00E51F99 /* XCRemoteSwiftPackageReference "supabase-swift" */;
			productName = PostgREST;
		};
		C09ACA4F2E3157DE00E51F99 /* Realtime */ = {
			isa = XCSwiftPackageProductDependency;
			package = C09ACA482E3157DE00E51F99 /* XCRemoteSwiftPackageReference "supabase-swift" */;
			productName = Realtime;
		};
		C09ACA512E3157DE00E51F99 /* Storage */ = {
			isa = XCSwiftPackageProductDependency;
			package = C09ACA482E3157DE00E51F99 /* XCRemoteSwiftPackageReference "supabase-swift" */;
			productName = Storage;
		};
		C09ACA552E31865700E51F99 /* Supabase */ = {
			isa = XCSwiftPackageProductDependency;
			productName = Supabase;
		};
/* End XCSwiftPackageProductDependency section */
	};
	rootObject = C0AC6A192E2F042800EAEC0F /* Project object */;
}
